
Microsoft Visual Studio Solution File, Format Version 12.00
# Visual Studio Version 17
VisualStudioVersion = 17.1.32319.34
MinimumVisualStudioVersion = 10.0.40219.1
Project("{9A19103F-16F7-4668-BE54-9A1E7A4F7556}") = "Tcp", "Tcp\Tcp.csproj", "{99A01ED4-AECC-4DB0-9F89-7E9692864E24}"
EndProject
Project("{9A19103F-16F7-4668-BE54-9A1E7A4F7556}") = "Core", "Core\Core.csproj", "{DE12ADB7-8288-4B92-A060-8FE162684F41}"
EndProject
Project("{9A19103F-16F7-4668-BE54-9A1E7A4F7556}") = "Netly.Core", "Netly.Core\Netly.Core.csproj", "{C36A9932-06F5-41ED-AE99-2B0D1C27400A}"
EndProject
Project("{2150E333-8FDC-42A3-9474-1A3956D46DE8}") = "NewFolder1", "NewFolder1", "{6514BC3B-EF7C-4944-9050-E09C15EFD382}"
EndProject
Project("{FAE04EC0-301F-11D3-BF4B-00C04F79EFBC}") = "Netly.Tcp", "Netly.Tcp\Netly.Tcp.csproj", "{97295118-7DD4-4D0D-A996-C8B35DFCF9C1}"
EndProject
Global
	GlobalSection(SolutionConfigurationPlatforms) = preSolution
		Debug|Any CPU = Debug|Any CPU
		Release|Any CPU = Release|Any CPU
	EndGlobalSection
	GlobalSection(ProjectConfigurationPlatforms) = postSolution
		{99A01ED4-AECC-4DB0-9F89-7E9692864E24}.Debug|Any CPU.ActiveCfg = Debug|Any CPU
		{99A01ED4-AECC-4DB0-9F89-7E9692864E24}.Debug|Any CPU.Build.0 = Debug|Any CPU
		{99A01ED4-AECC-4DB0-9F89-7E9692864E24}.Release|Any CPU.ActiveCfg = Release|Any CPU
		{99A01ED4-AECC-4DB0-9F89-7E9692864E24}.Release|Any CPU.Build.0 = Release|Any CPU
		{DE12ADB7-8288-4B92-A060-8FE162684F41}.Debug|Any CPU.ActiveCfg = Debug|Any CPU
		{DE12ADB7-8288-4B92-A060-8FE162684F41}.Debug|Any CPU.Build.0 = Debug|Any CPU
		{DE12ADB7-8288-4B92-A060-8FE162684F41}.Release|Any CPU.ActiveCfg = Release|Any CPU
		{DE12ADB7-8288-4B92-A060-8FE162684F41}.Release|Any CPU.Build.0 = Release|Any CPU
		{C36A9932-06F5-41ED-AE99-2B0D1C27400A}.Debug|Any CPU.ActiveCfg = Debug|Any CPU
		{C36A9932-06F5-41ED-AE99-2B0D1C27400A}.Debug|Any CPU.Build.0 = Debug|Any CPU
		{C36A9932-06F5-41ED-AE99-2B0D1C27400A}.Release|Any CPU.ActiveCfg = Release|Any CPU
		{C36A9932-06F5-41ED-AE99-2B0D1C27400A}.Release|Any CPU.Build.0 = Release|Any CPU
		{97295118-7DD4-4D0D-A996-C8B35DFCF9C1}.Debug|Any CPU.ActiveCfg = Debug|Any CPU
		{97295118-7DD4-4D0D-A996-C8B35DFCF9C1}.Debug|Any CPU.Build.0 = Debug|Any CPU
		{97295118-7DD4-4D0D-A996-C8B35DFCF9C1}.Release|Any CPU.ActiveCfg = Release|Any CPU
		{97295118-7DD4-4D0D-A996-C8B35DFCF9C1}.Release|Any CPU.Build.0 = Release|Any CPU
	EndGlobalSection
	GlobalSection(SolutionProperties) = preSolution
		HideSolutionNode = FALSE
	EndGlobalSection
	GlobalSection(ExtensibilityGlobals) = postSolution
		SolutionGuid = {05EE5536-9E8A-4CB9-B1E6-1FAA660B0CA7}
	EndGlobalSection
EndGlobal
