
Microsoft Visual Studio Solution File, Format Version 12.00
# Visual Studio Version 17
VisualStudioVersion = 17.1.32319.34
MinimumVisualStudioVersion = 10.0.40219.1
Project("{9A19103F-16F7-4668-BE54-9A1E7A4F7556}") = "Tcp", "Tcp\Tcp.csproj", "{99A01ED4-AECC-4DB0-9F89-7E9692864E24}"
EndProject
Project("{FAE04EC0-301F-11D3-BF4B-00C04F79EFBC}") = "Core", "Core\Core.csproj", "{DE12ADB7-8288-4B92-A060-8FE162684F41}"
EndProject
Global
	GlobalSection(SolutionConfigurationPlatforms) = preSolution
		Debug|Any CPU = Debug|Any CPU
		Release|Any CPU = Release|Any CPU
	EndGlobalSection
	GlobalSection(ProjectConfigurationPlatforms) = postSolution
		{99A01ED4-AECC-4DB0-9F89-7E9692864E24}.Debug|Any CPU.ActiveCfg = Debug|Any CPU
		{99A01ED4-AECC-4DB0-9F89-7E9692864E24}.Debug|Any CPU.Build.0 = Debug|Any CPU
		{99A01ED4-AECC-4DB0-9F89-7E9692864E24}.Release|Any CPU.ActiveCfg = Release|Any CPU
		{99A01ED4-AECC-4DB0-9F89-7E9692864E24}.Release|Any CPU.Build.0 = Release|Any CPU
		{DE12ADB7-8288-4B92-A060-8FE162684F41}.Debug|Any CPU.ActiveCfg = Debug|Any CPU
		{DE12ADB7-8288-4B92-A060-8FE162684F41}.Debug|Any CPU.Build.0 = Debug|Any CPU
		{DE12ADB7-8288-4B92-A060-8FE162684F41}.Release|Any CPU.ActiveCfg = Release|Any CPU
		{DE12ADB7-8288-4B92-A060-8FE162684F41}.Release|Any CPU.Build.0 = Release|Any CPU
	EndGlobalSection
	GlobalSection(SolutionProperties) = preSolution
		HideSolutionNode = FALSE
	EndGlobalSection
	GlobalSection(ExtensibilityGlobals) = postSolution
		SolutionGuid = {05EE5536-9E8A-4CB9-B1E6-1FAA660B0CA7}
	EndGlobalSection
EndGlobal
